// !$*UTF8*$!
{
	archiveVersion = 1;
	classes = {
	};
	objectVersion = 46;
	objects = {

/* Begin PBXBuildFile section */
		03D8A12A1CF2949600E11105 /* main.m in Sources */ = {isa = PBXBuildFile; fileRef = 03D8A1291CF2949600E11105 /* main.m */; };
		03D8A12D1CF2949600E11105 /* AppDelegate.m in Sources */ = {isa = PBXBuildFile; fileRef = 03D8A12C1CF2949600E11105 /* AppDelegate.m */; };
		03D8A1301CF2949600E11105 /* ViewController.m in Sources */ = {isa = PBXBuildFile; fileRef = 03D8A12F1CF2949600E11105 /* ViewController.m */; };
		03D8A1331CF2949600E11105 /* Main.storyboard in Resources */ = {isa = PBXBuildFile; fileRef = 03D8A1311CF2949600E11105 /* Main.storyboard */; };
		03D8A1351CF2949600E11105 /* Assets.xcassets in Resources */ = {isa = PBXBuildFile; fileRef = 03D8A1341CF2949600E11105 /* Assets.xcassets */; };
		03D8A1381CF2949600E11105 /* LaunchScreen.storyboard in Resources */ = {isa = PBXBuildFile; fileRef = 03D8A1361CF2949600E11105 /* LaunchScreen.storyboard */; };
		03D8A1431CF2949600E11105 /* _2_transformTests.m in Sources */ = {isa = PBXBuildFile; fileRef = 03D8A1421CF2949600E11105 /* _2_transformTests.m */; };
		03D8A14E1CF2949600E11105 /* _2_transformUITests.m in Sources */ = {isa = PBXBuildFile; fileRef = 03D8A14D1CF2949600E11105 /* _2_transformUITests.m */; };
		03D8A16C1CF299AB00E11105 /* sub_black_add.png in Resources */ = {isa = PBXBuildFile; fileRef = 03D8A15C1CF299AB00E11105 /* sub_black_add.png */; settings = {ASSET_TAGS = (); }; };
		03D8A16D1CF299AB00E11105 /* sub_black_down.png in Resources */ = {isa = PBXBuildFile; fileRef = 03D8A15D1CF299AB00E11105 /* sub_black_down.png */; settings = {ASSET_TAGS = (); }; };
		03D8A16E1CF299AB00E11105 /* sub_black_next.png in Resources */ = {isa = PBXBuildFile; fileRef = 03D8A15E1CF299AB00E11105 /* sub_black_next.png */; settings = {ASSET_TAGS = (); }; };
		03D8A16F1CF299AB00E11105 /* sub_black_prev.png in Resources */ = {isa = PBXBuildFile; fileRef = 03D8A15F1CF299AB00E11105 /* sub_black_prev.png */; settings = {ASSET_TAGS = (); }; };
		03D8A1701CF299AB00E11105 /* sub_black_remove.png in Resources */ = {isa = PBXBuildFile; fileRef = 03D8A1601CF299AB00E11105 /* sub_black_remove.png */; settings = {ASSET_TAGS = (); }; };
		03D8A1711CF299AB00E11105 /* sub_black_rotate_ccw.png in Resources */ = {isa = PBXBuildFile; fileRef = 03D8A1611CF299AB00E11105 /* sub_black_rotate_ccw.png */; settings = {ASSET_TAGS = (); }; };
		03D8A1721CF299AB00E11105 /* sub_black_rotate_cw.png in Resources */ = {isa = PBXBuildFile; fileRef = 03D8A1621CF299AB00E11105 /* sub_black_rotate_cw.png */; settings = {ASSET_TAGS = (); }; };
		03D8A1731CF299AB00E11105 /* sub_black_up.png in Resources */ = {isa = PBXBuildFile; fileRef = 03D8A1631CF299AB00E11105 /* sub_black_up.png */; settings = {ASSET_TAGS = (); }; };
		03D8A1741CF299AB00E11105 /* sub_blue_add.png in Resources */ = {isa = PBXBuildFile; fileRef = 03D8A1641CF299AB00E11105 /* sub_blue_add.png */; settings = {ASSET_TAGS = (); }; };
		03D8A1751CF299AB00E11105 /* sub_blue_down.png in Resources */ = {isa = PBXBuildFile; fileRef = 03D8A1651CF299AB00E11105 /* sub_blue_down.png */; settings = {ASSET_TAGS = (); }; };
		03D8A1761CF299AB00E11105 /* sub_blue_next.png in Resources */ = {isa = PBXBuildFile; fileRef = 03D8A1661CF299AB00E11105 /* sub_blue_next.png */; settings = {ASSET_TAGS = (); }; };
		03D8A1771CF299AB00E11105 /* sub_blue_prev.png in Resources */ = {isa = PBXBuildFile; fileRef = 03D8A1671CF299AB00E11105 /* sub_blue_prev.png */; settings = {ASSET_TAGS = (); }; };
		03D8A1781CF299AB00E11105 /* sub_blue_remove.png in Resources */ = {isa = PBXBuildFile; fileRef = 03D8A1681CF299AB00E11105 /* sub_blue_remove.png */; settings = {ASSET_TAGS = (); }; };
		03D8A1791CF299AB00E11105 /* sub_blue_rotate_ccw.png in Resources */ = {isa = PBXBuildFile; fileRef = 03D8A1691CF299AB00E11105 /* sub_blue_rotate_ccw.png */; settings = {ASSET_TAGS = (); }; };
		03D8A17A1CF299AB00E11105 /* sub_blue_rotate_cw.png in Resources */ = {isa = PBXBuildFile; fileRef = 03D8A16A1CF299AB00E11105 /* sub_blue_rotate_cw.png */; settings = {ASSET_TAGS = (); }; };
		03D8A17B1CF299AB00E11105 /* sub_blue_up.png in Resources */ = {isa = PBXBuildFile; fileRef = 03D8A16B1CF299AB00E11105 /* sub_blue_up.png */; settings = {ASSET_TAGS = (); }; };
		03D8A17E1CF29A7B00E11105 /* icon1.jpg in Resources */ = {isa = PBXBuildFile; fileRef = 03D8A17C1CF29A7B00E11105 /* icon1.jpg */; settings = {ASSET_TAGS = (); }; };
		03D8A17F1CF29A7B00E11105 /* icon2.jpg in Resources */ = {isa = PBXBuildFile; fileRef = 03D8A17D1CF29A7B00E11105 /* icon2.jpg */; settings = {ASSET_TAGS = (); }; };
/* End PBXBuildFile section */

/* Begin PBXContainerItemProxy section */
		03D8A13F1CF2949600E11105 /* PBXContainerItemProxy */ = {
			isa = PBXContainerItemProxy;
			containerPortal = 03D8A11D1CF2949600E11105 /* Project object */;
			proxyType = 1;
			remoteGlobalIDString = 03D8A1241CF2949600E11105;
			remoteInfo = "02 transform";
		};
		03D8A14A1CF2949600E11105 /* PBXContainerItemProxy */ = {
			isa = PBXContainerItemProxy;
			containerPortal = 03D8A11D1CF2949600E11105 /* Project object */;
			proxyType = 1;
			remoteGlobalIDString = 03D8A1241CF2949600E11105;
			remoteInfo = "02 transform";
		};
/* End PBXContainerItemProxy section */

/* Begin PBXFileReference section */
		03D8A1251CF2949600E11105 /* 02 transform.app */ = {isa = PBXFileReference; explicitFileType = wrapper.application; includeInIndex = 0; path = "02 transform.app"; sourceTree = BUILT_PRODUCTS_DIR; };
		03D8A1291CF2949600E11105 /* main.m */ = {isa = PBXFileReference; lastKnownFileType = sourcecode.c.objc; path = main.m; sourceTree = "<group>"; };
		03D8A12B1CF2949600E11105 /* AppDelegate.h */ = {isa = PBXFileReference; lastKnownFileType = sourcecode.c.h; path = AppDelegate.h; sourceTree = "<group>"; };
		03D8A12C1CF2949600E11105 /* AppDelegate.m */ = {isa = PBXFileReference; lastKnownFileType = sourcecode.c.objc; path = AppDelegate.m; sourceTree = "<group>"; };
		03D8A12E1CF2949600E11105 /* ViewController.h */ = {isa = PBXFileReference; lastKnownFileType = sourcecode.c.h; path = ViewController.h; sourceTree = "<group>"; };
		03D8A12F1CF2949600E11105 /* ViewController.m */ = {isa = PBXFileReference; lastKnownFileType = sourcecode.c.objc; path = ViewController.m; sourceTree = "<group>"; };
		03D8A1321CF2949600E11105 /* Base */ = {isa = PBXFileReference; lastKnownFileType = file.storyboard; name = Base; path = Base.lproj/Main.storyboard; sourceTree = "<group>"; };
		03D8A1341CF2949600E11105 /* Assets.xcassets */ = {isa = PBXFileReference; lastKnownFileType = folder.assetcatalog; path = Assets.xcassets; sourceTree = "<group>"; };
		03D8A1371CF2949600E11105 /* Base */ = {isa = PBXFileReference; lastKnownFileType = file.storyboard; name = Base; path = Base.lproj/LaunchScreen.storyboard; sourceTree = "<group>"; };
		03D8A1391CF2949600E11105 /* Info.plist */ = {isa = PBXFileReference; lastKnownFileType = text.plist.xml; path = Info.plist; sourceTree = "<group>"; };
		03D8A13E1CF2949600E11105 /* 02 transformTests.xctest */ = {isa = PBXFileReference; explicitFileType = wrapper.cfbundle; includeInIndex = 0; path = "02 transformTests.xctest"; sourceTree = BUILT_PRODUCTS_DIR; };
		03D8A1421CF2949600E11105 /* _2_transformTests.m */ = {isa = PBXFileReference; lastKnownFileType = sourcecode.c.objc; path = _2_transformTests.m; sourceTree = "<group>"; };
		03D8A1441CF2949600E11105 /* Info.plist */ = {isa = PBXFileReference; lastKnownFileType = text.plist.xml; path = Info.plist; sourceTree = "<group>"; };
		03D8A1491CF2949600E11105 /* 02 transformUITests.xctest */ = {isa = PBXFileReference; explicitFileType = wrapper.cfbundle; includeInIndex = 0; path = "02 transformUITests.xctest"; sourceTree = BUILT_PRODUCTS_DIR; };
		03D8A14D1CF2949600E11105 /* _2_transformUITests.m */ = {isa = PBXFileReference; lastKnownFileType = sourcecode.c.objc; path = _2_transformUITests.m; sourceTree = "<group>"; };
		03D8A14F1CF2949600E11105 /* Info.plist */ = {isa = PBXFileReference; lastKnownFileType = text.plist.xml; path = Info.plist; sourceTree = "<group>"; };
		03D8A15C1CF299AB00E11105 /* sub_black_add.png */ = {isa = PBXFileReference; lastKnownFileType = image.png; name = sub_black_add.png; path = "../../../../../../Documents/1122-UIButton/代码/01-按钮操作/01-按钮操作/sub_black_add.png"; sourceTree = "<group>"; };
		03D8A15D1CF299AB00E11105 /* sub_black_down.png */ = {isa = PBXFileReference; lastKnownFileType = image.png; name = sub_black_down.png; path = "../../../../../../Documents/1122-UIButton/代码/01-按钮操作/01-按钮操作/sub_black_down.png"; sourceTree = "<group>"; };
		03D8A15E1CF299AB00E11105 /* sub_black_next.png */ = {isa = PBXFileReference; lastKnownFileType = image.png; name = sub_black_next.png; path = "../../../../../../Documents/1122-UIButton/代码/01-按钮操作/01-按钮操作/sub_black_next.png"; sourceTree = "<group>"; };
		03D8A15F1CF299AB00E11105 /* sub_black_prev.png */ = {isa = PBXFileReference; lastKnownFileType = image.png; name = sub_black_prev.png; path = "../../../../../../Documents/1122-UIButton/代码/01-按钮操作/01-按钮操作/sub_black_prev.png"; sourceTree = "<group>"; };
		03D8A1601CF299AB00E11105 /* sub_black_remove.png */ = {isa = PBXFileReference; lastKnownFileType = image.png; name = sub_black_remove.png; path = "../../../../../../Documents/1122-UIButton/代码/01-按钮操作/01-按钮操作/sub_black_remove.png"; sourceTree = "<group>"; };
		03D8A1611CF299AB00E11105 /* sub_black_rotate_ccw.png */ = {isa = PBXFileReference; lastKnownFileType = image.png; name = sub_black_rotate_ccw.png; path = "../../../../../../Documents/1122-UIButton/代码/01-按钮操作/01-按钮操作/sub_black_rotate_ccw.png"; sourceTree = "<group>"; };
		03D8A1621CF299AB00E11105 /* sub_black_rotate_cw.png */ = {isa = PBXFileReference; lastKnownFileType = image.png; name = sub_black_rotate_cw.png; path = "../../../../../../Documents/1122-UIButton/代码/01-按钮操作/01-按钮操作/sub_black_rotate_cw.png"; sourceTree = "<group>"; };
		03D8A1631CF299AB00E11105 /* sub_black_up.png */ = {isa = PBXFileReference; lastKnownFileType = image.png; name = sub_black_up.png; path = "../../../../../../Documents/1122-UIButton/代码/01-按钮操作/01-按钮操作/sub_black_up.png"; sourceTree = "<group>"; };
		03D8A1641CF299AB00E11105 /* sub_blue_add.png */ = {isa = PBXFileReference; lastKnownFileType = image.png; name = sub_blue_add.png; path = "../../../../../../Documents/1122-UIButton/代码/01-按钮操作/01-按钮操作/sub_blue_add.png"; sourceTree = "<group>"; };
		03D8A1651CF299AB00E11105 /* sub_blue_down.png */ = {isa = PBXFileReference; lastKnownFileType = image.png; name = sub_blue_down.png; path = "../../../../../../Documents/1122-UIButton/代码/01-按钮操作/01-按钮操作/sub_blue_down.png"; sourceTree = "<group>"; };
		03D8A1661CF299AB00E11105 /* sub_blue_next.png */ = {isa = PBXFileReference; lastKnownFileType = image.png; name = sub_blue_next.png; path = "../../../../../../Documents/1122-UIButton/代码/01-按钮操作/01-按钮操作/sub_blue_next.png"; sourceTree = "<group>"; };
		03D8A1671CF299AB00E11105 /* sub_blue_prev.png */ = {isa = PBXFileReference; lastKnownFileType = image.png; name = sub_blue_prev.png; path = "../../../../../../Documents/1122-UIButton/代码/01-按钮操作/01-按钮操作/sub_blue_prev.png"; sourceTree = "<group>"; };
		03D8A1681CF299AB00E11105 /* sub_blue_remove.png */ = {isa = PBXFileReference; lastKnownFileType = image.png; name = sub_blue_remove.png; path = "../../../../../../Documents/1122-UIButton/代码/01-按钮操作/01-按钮操作/sub_blue_remove.png"; sourceTree = "<group>"; };
		03D8A1691CF299AB00E11105 /* sub_blue_rotate_ccw.png */ = {isa = PBXFileReference; lastKnownFileType = image.png; name = sub_blue_rotate_ccw.png; path = "../../../../../../Documents/1122-UIButton/代码/01-按钮操作/01-按钮操作/sub_blue_rotate_ccw.png"; sourceTree = "<group>"; };
		03D8A16A1CF299AB00E11105 /* sub_blue_rotate_cw.png */ = {isa = PBXFileReference; lastKnownFileType = image.png; name = sub_blue_rotate_cw.png; path = "../../../../../../Documents/1122-UIButton/代码/01-按钮操作/01-按钮操作/sub_blue_rotate_cw.png"; sourceTree = "<group>"; };
		03D8A16B1CF299AB00E11105 /* sub_blue_up.png */ = {isa = PBXFileReference; lastKnownFileType = image.png; name = sub_blue_up.png; path = "../../../../../../Documents/1122-UIButton/代码/01-按钮操作/01-按钮操作/sub_blue_up.png"; sourceTree = "<group>"; };
		03D8A17C1CF29A7B00E11105 /* icon1.jpg */ = {isa = PBXFileReference; lastKnownFileType = image.jpeg; name = icon1.jpg; path = "../../../../../ios课件/0605/07-代码创建按钮/07-代码创建按钮/icon1.jpg"; sourceTree = "<group>"; };
		03D8A17D1CF29A7B00E11105 /* icon2.jpg */ = {isa = PBXFileReference; lastKnownFileType = image.jpeg; name = icon2.jpg; path = "../../../../../ios课件/0605/07-transform/07-transform/icon2.jpg"; sourceTree = "<group>"; };
/* End PBXFileReference section */

/* Begin PBXFrameworksBuildPhase section */
		03D8A1221CF2949600E11105 /* Frameworks */ = {
			isa = PBXFrameworksBuildPhase;
			buildActionMask = 2147483647;
			files = (
			);
			runOnlyForDeploymentPostprocessing = 0;
		};
		03D8A13B1CF2949600E11105 /* Frameworks */ = {
			isa = PBXFrameworksBuildPhase;
			buildActionMask = 2147483647;
			files = (
			);
			runOnlyForDeploymentPostprocessing = 0;
		};
		03D8A1461CF2949600E11105 /* Frameworks */ = {
			isa = PBXFrameworksBuildPhase;
			buildActionMask = 2147483647;
			files = (
			);
			runOnlyForDeploymentPostprocessing = 0;
		};
/* End PBXFrameworksBuildPhase section */

/* Begin PBXGroup section */
		03D8A11C1CF2949600E11105 = {
			isa = PBXGroup;
			children = (
				03D8A1271CF2949600E11105 /* 02 transform */,
				03D8A1411CF2949600E11105 /* 02 transformTests */,
				03D8A14C1CF2949600E11105 /* 02 transformUITests */,
				03D8A1261CF2949600E11105 /* Products */,
			);
			sourceTree = "<group>";
		};
		03D8A1261CF2949600E11105 /* Products */ = {
			isa = PBXGroup;
			children = (
				03D8A1251CF2949600E11105 /* 02 transform.app */,
				03D8A13E1CF2949600E11105 /* 02 transformTests.xctest */,
				03D8A1491CF2949600E11105 /* 02 transformUITests.xctest */,
			);
			name = Products;
			sourceTree = "<group>";
		};
		03D8A1271CF2949600E11105 /* 02 transform */ = {
			isa = PBXGroup;
			children = (
				03D8A12B1CF2949600E11105 /* AppDelegate.h */,
				03D8A12C1CF2949600E11105 /* AppDelegate.m */,
				03D8A12E1CF2949600E11105 /* ViewController.h */,
				03D8A12F1CF2949600E11105 /* ViewController.m */,
				03D8A1311CF2949600E11105 /* Main.storyboard */,
				03D8A1341CF2949600E11105 /* Assets.xcassets */,
				03D8A1361CF2949600E11105 /* LaunchScreen.storyboard */,
				03D8A1391CF2949600E11105 /* Info.plist */,
				03D8A1281CF2949600E11105 /* Supporting Files */,
			);
			path = "02 transform";
			sourceTree = "<group>";
		};
		03D8A1281CF2949600E11105 /* Supporting Files */ = {
			isa = PBXGroup;
			children = (
				03D8A15B1CF2995200E11105 /* images */,
				03D8A1291CF2949600E11105 /* main.m */,
			);
			name = "Supporting Files";
			sourceTree = "<group>";
		};
		03D8A1411CF2949600E11105 /* 02 transformTests */ = {
			isa = PBXGroup;
			children = (
				03D8A1421CF2949600E11105 /* _2_transformTests.m */,
				03D8A1441CF2949600E11105 /* Info.plist */,
			);
			path = "02 transformTests";
			sourceTree = "<group>";
		};
		03D8A14C1CF2949600E11105 /* 02 transformUITests */ = {
			isa = PBXGroup;
			children = (
				03D8A14D1CF2949600E11105 /* _2_transformUITests.m */,
				03D8A14F1CF2949600E11105 /* Info.plist */,
			);
			path = "02 transformUITests";
			sourceTree = "<group>";
		};
		03D8A15B1CF2995200E11105 /* images */ = {
			isa = PBXGroup;
			children = (
				03D8A17C1CF29A7B00E11105 /* icon1.jpg */,
				03D8A17D1CF29A7B00E11105 /* icon2.jpg */,
				03D8A15D1CF299AB00E11105 /* sub_black_down.png */,
				03D8A15E1CF299AB00E11105 /* sub_black_next.png */,
				03D8A15F1CF299AB00E11105 /* sub_black_prev.png */,
				03D8A1601CF299AB00E11105 /* sub_black_remove.png */,
				03D8A1611CF299AB00E11105 /* sub_black_rotate_ccw.png */,
				03D8A15C1CF299AB00E11105 /* sub_black_add.png */,
				03D8A1621CF299AB00E11105 /* sub_black_rotate_cw.png */,
				03D8A1631CF299AB00E11105 /* sub_black_up.png */,
				03D8A1641CF299AB00E11105 /* sub_blue_add.png */,
				03D8A1651CF299AB00E11105 /* sub_blue_down.png */,
				03D8A1661CF299AB00E11105 /* sub_blue_next.png */,
				03D8A1671CF299AB00E11105 /* sub_blue_prev.png */,
				03D8A1681CF299AB00E11105 /* sub_blue_remove.png */,
				03D8A1691CF299AB00E11105 /* sub_blue_rotate_ccw.png */,
				03D8A16A1CF299AB00E11105 /* sub_blue_rotate_cw.png */,
				03D8A16B1CF299AB00E11105 /* sub_blue_up.png */,
			);
			name = images;
			sourceTree = "<group>";
		};
/* End PBXGroup section */

/* Begin PBXNativeTarget section */
		03D8A1241CF2949600E11105 /* 02 transform */ = {
			isa = PBXNativeTarget;
			buildConfigurationList = 03D8A1521CF2949600E11105 /* Build configuration list for PBXNativeTarget "02 transform" */;
			buildPhases = (
				03D8A1211CF2949600E11105 /* Sources */,
				03D8A1221CF2949600E11105 /* Frameworks */,
				03D8A1231CF2949600E11105 /* Resources */,
			);
			buildRules = (
			);
			dependencies = (
			);
			name = "02 transform";
			productName = "02 transform";
			productReference = 03D8A1251CF2949600E11105 /* 02 transform.app */;
			productType = "com.apple.product-type.application";
		};
		03D8A13D1CF2949600E11105 /* 02 transformTests */ = {
			isa = PBXNativeTarget;
			buildConfigurationList = 03D8A1551CF2949600E11105 /* Build configuration list for PBXNativeTarget "02 transformTests" */;
			buildPhases = (
				03D8A13A1CF2949600E11105 /* Sources */,
				03D8A13B1CF2949600E11105 /* Frameworks */,
				03D8A13C1CF2949600E11105 /* Resources */,
			);
			buildRules = (
			);
			dependencies = (
				03D8A1401CF2949600E11105 /* PBXTargetDependency */,
			);
			name = "02 transformTests";
			productName = "02 transformTests";
			productReference = 03D8A13E1CF2949600E11105 /* 02 transformTests.xctest */;
			productType = "com.apple.product-type.bundle.unit-test";
		};
		03D8A1481CF2949600E11105 /* 02 transformUITests */ = {
			isa = PBXNativeTarget;
			buildConfigurationList = 03D8A1581CF2949600E11105 /* Build configuration list for PBXNativeTarget "02 transformUITests" */;
			buildPhases = (
				03D8A1451CF2949600E11105 /* Sources */,
				03D8A1461CF2949600E11105 /* Frameworks */,
				03D8A1471CF2949600E11105 /* Resources */,
			);
			buildRules = (
			);
			dependencies = (
				03D8A14B1CF2949600E11105 /* PBXTargetDependency */,
			);
			name = "02 transformUITests";
			productName = "02 transformUITests";
			productReference = 03D8A1491CF2949600E11105 /* 02 transformUITests.xctest */;
			productType = "com.apple.product-type.bundle.ui-testing";
		};
/* End PBXNativeTarget section */

/* Begin PBXProject section */
		03D8A11D1CF2949600E11105 /* Project object */ = {
			isa = PBXProject;
			attributes = {
				LastUpgradeCheck = 0700;
				ORGANIZATIONNAME = xuhui;
				TargetAttributes = {
					03D8A1241CF2949600E11105 = {
						CreatedOnToolsVersion = 7.0;
						DevelopmentTeam = D7JERA594Y;
					};
					03D8A13D1CF2949600E11105 = {
						CreatedOnToolsVersion = 7.0;
						DevelopmentTeam = D7JERA594Y;
						TestTargetID = 03D8A1241CF2949600E11105;
					};
					03D8A1481CF2949600E11105 = {
						CreatedOnToolsVersion = 7.0;
						DevelopmentTeam = D7JERA594Y;
						TestTargetID = 03D8A1241CF2949600E11105;
					};
				};
			};
			buildConfigurationList = 03D8A1201CF2949600E11105 /* Build configuration list for PBXProject "02 transform" */;
			compatibilityVersion = "Xcode 3.2";
			developmentRegion = English;
			hasScannedForEncodings = 0;
			knownRegions = (
				en,
				Base,
			);
			mainGroup = 03D8A11C1CF2949600E11105;
			productRefGroup = 03D8A1261CF2949600E11105 /* Products */;
			projectDirPath = "";
			projectRoot = "";
			targets = (
				03D8A1241CF2949600E11105 /* 02 transform */,
				03D8A13D1CF2949600E11105 /* 02 transformTests */,
				03D8A1481CF2949600E11105 /* 02 transformUITests */,
			);
		};
/* End PBXProject section */

/* Begin PBXResourcesBuildPhase section */
		03D8A1231CF2949600E11105 /* Resources */ = {
			isa = PBXResourcesBuildPhase;
			buildActionMask = 2147483647;
			files = (
				03D8A1381CF2949600E11105 /* LaunchScreen.storyboard in Resources */,
				03D8A1351CF2949600E11105 /* Assets.xcassets in Resources */,
				03D8A1731CF299AB00E11105 /* sub_black_up.png in Resources */,
				03D8A1761CF299AB00E11105 /* sub_blue_next.png in Resources */,
				03D8A1781CF299AB00E11105 /* sub_blue_remove.png in Resources */,
				03D8A17F1CF29A7B00E11105 /* icon2.jpg in Resources */,
				03D8A1791CF299AB00E11105 /* sub_blue_rotate_ccw.png in Resources */,
				03D8A1701CF299AB00E11105 /* sub_black_remove.png in Resources */,
				03D8A17B1CF299AB00E11105 /* sub_blue_up.png in Resources */,
				03D8A1741CF299AB00E11105 /* sub_blue_add.png in Resources */,
				03D8A16C1CF299AB00E11105 /* sub_black_add.png in Resources */,
				03D8A16F1CF299AB00E11105 /* sub_black_prev.png in Resources */,
				03D8A1751CF299AB00E11105 /* sub_blue_down.png in Resources */,
				03D8A17A1CF299AB00E11105 /* sub_blue_rotate_cw.png in Resources */,
				03D8A1721CF299AB00E11105 /* sub_black_rotate_cw.png in Resources */,
				03D8A1331CF2949600E11105 /* Main.storyboard in Resources */,
				03D8A16D1CF299AB00E11105 /* sub_black_down.png in Resources */,
				03D8A1771CF299AB00E11105 /* sub_blue_prev.png in Resources */,
				03D8A1711CF299AB00E11105 /* sub_black_rotate_ccw.png in Resources */,
				03D8A17E1CF29A7B00E11105 /* icon1.jpg in Resources */,
				03D8A16E1CF299AB00E11105 /* sub_black_next.png in Resources */,
			);
			runOnlyForDeploymentPostprocessing = 0;
		};
		03D8A13C1CF2949600E11105 /* Resources */ = {
			isa = PBXResourcesBuildPhase;
			buildActionMask = 2147483647;
			files = (
			);
			runOnlyForDeploymentPostprocessing = 0;
		};
		03D8A1471CF2949600E11105 /* Resources */ = {
			isa = PBXResourcesBuildPhase;
			buildActionMask = 2147483647;
			files = (
			);
			runOnlyForDeploymentPostprocessing = 0;
		};
/* End PBXResourcesBuildPhase section */

/* Begin PBXSourcesBuildPhase section */
		03D8A1211CF2949600E11105 /* Sources */ = {
			isa = PBXSourcesBuildPhase;
			buildActionMask = 2147483647;
			files = (
				03D8A1301CF2949600E11105 /* ViewController.m in Sources */,
				03D8A12D1CF2949600E11105 /* AppDelegate.m in Sources */,
				03D8A12A1CF2949600E11105 /* main.m in Sources */,
			);
			runOnlyForDeploymentPostprocessing = 0;
		};
		03D8A13A1CF2949600E11105 /* Sources */ = {
			isa = PBXSourcesBuildPhase;
			buildActionMask = 2147483647;
			files = (
				03D8A1431CF2949600E11105 /* _2_transformTests.m in Sources */,
			);
			runOnlyForDeploymentPostprocessing = 0;
		};
		03D8A1451CF2949600E11105 /* Sources */ = {
			isa = PBXSourcesBuildPhase;
			buildActionMask = 2147483647;
			files = (
				03D8A14E1CF2949600E11105 /* _2_transformUITests.m in Sources */,
			);
			runOnlyForDeploymentPostprocessing = 0;
		};
/* End PBXSourcesBuildPhase section */

/* Begin PBXTargetDependency section */
		03D8A1401CF2949600E11105 /* PBXTargetDependency */ = {
			isa = PBXTargetDependency;
			target = 03D8A1241CF2949600E11105 /* 02 transform */;
			targetProxy = 03D8A13F1CF2949600E11105 /* PBXContainerItemProxy */;
		};
		03D8A14B1CF2949600E11105 /* PBXTargetDependency */ = {
			isa = PBXTargetDependency;
			target = 03D8A1241CF2949600E11105 /* 02 transform */;
			targetProxy = 03D8A14A1CF2949600E11105 /* PBXContainerItemProxy */;
		};
/* End PBXTargetDependency section */

/* Begin PBXVariantGroup section */
		03D8A1311CF2949600E11105 /* Main.storyboard */ = {
			isa = PBXVariantGroup;
			children = (
				03D8A1321CF2949600E11105 /* Base */,
			);
			name = Main.storyboard;
			sourceTree = "<group>";
		};
		03D8A1361CF2949600E11105 /* LaunchScreen.storyboard */ = {
			isa = PBXVariantGroup;
			children = (
				03D8A1371CF2949600E11105 /* Base */,
			);
			name = LaunchScreen.storyboard;
			sourceTree = "<group>";
		};
/* End PBXVariantGroup section */

/* Begin XCBuildConfiguration section */
		03D8A1501CF2949600E11105 /* Debug */ = {
			isa = XCBuildConfiguration;
			buildSettings = {
				ALWAYS_SEARCH_USER_PATHS = NO;
				CLANG_CXX_LANGUAGE_STANDARD = "gnu++0x";
				CLANG_CXX_LIBRARY = "libc++";
				CLANG_ENABLE_MODULES = YES;
				CLANG_ENABLE_OBJC_ARC = YES;
				CLANG_WARN_BOOL_CONVERSION = YES;
				CLANG_WARN_CONSTANT_CONVERSION = YES;
				CLANG_WARN_DIRECT_OBJC_ISA_USAGE = YES_ERROR;
				CLANG_WARN_EMPTY_BODY = YES;
				CLANG_WARN_ENUM_CONVERSION = YES;
				CLANG_WARN_INT_CONVERSION = YES;
				CLANG_WARN_OBJC_ROOT_CLASS = YES_ERROR;
				CLANG_WARN_UNREACHABLE_CODE = YES;
				CLANG_WARN__DUPLICATE_METHOD_MATCH = YES;
				"CODE_SIGN_IDENTITY[sdk=iphoneos*]" = "iPhone Developer";
				COPY_PHASE_STRIP = NO;
				DEBUG_INFORMATION_FORMAT = dwarf;
				ENABLE_STRICT_OBJC_MSGSEND = YES;
				ENABLE_TESTABILITY = YES;
				GCC_C_LANGUAGE_STANDARD = gnu99;
				GCC_DYNAMIC_NO_PIC = NO;
				GCC_NO_COMMON_BLOCKS = YES;
				GCC_OPTIMIZATION_LEVEL = 0;
				GCC_PREPROCESSOR_DEFINITIONS = (
					"DEBUG=1",
					"$(inherited)",
				);
				GCC_WARN_64_TO_32_BIT_CONVERSION = YES;
				GCC_WARN_ABOUT_RETURN_TYPE = YES_ERROR;
				GCC_WARN_UNDECLARED_SELECTOR = YES;
				GCC_WARN_UNINITIALIZED_AUTOS = YES_AGGRESSIVE;
				GCC_WARN_UNUSED_FUNCTION = YES;
				GCC_WARN_UNUSED_VARIABLE = YES;
				IPHONEOS_DEPLOYMENT_TARGET = 9.0;
				MTL_ENABLE_DEBUG_INFO = YES;
				ONLY_ACTIVE_ARCH = YES;
				SDKROOT = iphoneos;
			};
			name = Debug;
		};
		03D8A1511CF2949600E11105 /* Release */ = {
			isa = XCBuildConfiguration;
			buildSettings = {
				ALWAYS_SEARCH_USER_PATHS = NO;
				CLANG_CXX_LANGUAGE_STANDARD = "gnu++0x";
				CLANG_CXX_LIBRARY = "libc++";
				CLANG_ENABLE_MODULES = YES;
				CLANG_ENABLE_OBJC_ARC = YES;
				CLANG_WARN_BOOL_CONVERSION = YES;
				CLANG_WARN_CONSTANT_CONVERSION = YES;
				CLANG_WARN_DIRECT_OBJC_ISA_USAGE = YES_ERROR;
				CLANG_WARN_EMPTY_BODY = YES;
				CLANG_WARN_ENUM_CONVERSION = YES;
				CLANG_WARN_INT_CONVERSION = YES;
				CLANG_WARN_OBJC_ROOT_CLASS = YES_ERROR;
				CLANG_WARN_UNREACHABLE_CODE = YES;
				CLANG_WARN__DUPLICATE_METHOD_MATCH = YES;
				"CODE_SIGN_IDENTITY[sdk=iphoneos*]" = "iPhone Developer";
				COPY_PHASE_STRIP = NO;
				DEBUG_INFORMATION_FORMAT = "dwarf-with-dsym";
				ENABLE_NS_ASSERTIONS = NO;
				ENABLE_STRICT_OBJC_MSGSEND = YES;
				GCC_C_LANGUAGE_STANDARD = gnu99;
				GCC_NO_COMMON_BLOCKS = YES;
				GCC_WARN_64_TO_32_BIT_CONVERSION = YES;
				GCC_WARN_ABOUT_RETURN_TYPE = YES_ERROR;
				GCC_WARN_UNDECLARED_SELECTOR = YES;
				GCC_WARN_UNINITIALIZED_AUTOS = YES_AGGRESSIVE;
				GCC_WARN_UNUSED_FUNCTION = YES;
				GCC_WARN_UNUSED_VARIABLE = YES;
				IPHONEOS_DEPLOYMENT_TARGET = 9.0;
				MTL_ENABLE_DEBUG_INFO = NO;
				SDKROOT = iphoneos;
				VALIDATE_PRODUCT = YES;
			};
			name = Release;
		};
		03D8A1531CF2949600E11105 /* Debug */ = {
			isa = XCBuildConfiguration;
			buildSettings = {
				ASSETCATALOG_COMPILER_APPICON_NAME = AppIcon;
				INFOPLIST_FILE = "02 transform/Info.plist";
				LD_RUNPATH_SEARCH_PATHS = "$(inherited) @executable_path/Frameworks";
				PRODUCT_BUNDLE_IDENTIFIER = "cumtcs.-2-transform";
				PRODUCT_NAME = "$(TARGET_NAME)";
			};
			name = Debug;
		};
		03D8A1541CF2949600E11105 /* Release */ = {
			isa = XCBuildConfiguration;
			buildSettings = {
				ASSETCATALOG_COMPILER_APPICON_NAME = AppIcon;
				INFOPLIST_FILE = "02 transform/Info.plist";
				LD_RUNPATH_SEARCH_PATHS = "$(inherited) @executable_path/Frameworks";
				PRODUCT_BUNDLE_IDENTIFIER = "cumtcs.-2-transform";
				PRODUCT_NAME = "$(TARGET_NAME)";
			};
			name = Release;
		};
		03D8A1561CF2949600E11105 /* Debug */ = {
			isa = XCBuildConfiguration;
			buildSettings = {
				BUNDLE_LOADER = "$(TEST_HOST)";
				INFOPLIST_FILE = "02 transformTests/Info.plist";
				LD_RUNPATH_SEARCH_PATHS = "$(inherited) @executable_path/Frameworks @loader_path/Frameworks";
				PRODUCT_BUNDLE_IDENTIFIER = "cumtcs.-2-transformTests";
				PRODUCT_NAME = "$(TARGET_NAME)";
				TEST_HOST = "$(BUILT_PRODUCTS_DIR)/02 transform.app/02 transform";
			};
			name = Debug;
		};
		03D8A1571CF2949600E11105 /* Release */ = {
			isa = XCBuildConfiguration;
			buildSettings = {
				BUNDLE_LOADER = "$(TEST_HOST)";
				INFOPLIST_FILE = "02 transformTests/Info.plist";
				LD_RUNPATH_SEARCH_PATHS = "$(inherited) @executable_path/Frameworks @loader_path/Frameworks";
				PRODUCT_BUNDLE_IDENTIFIER = "cumtcs.-2-transformTests";
				PRODUCT_NAME = "$(TARGET_NAME)";
				TEST_HOST = "$(BUILT_PRODUCTS_DIR)/02 transform.app/02 transform";
			};
			name = Release;
		};
		03D8A1591CF2949600E11105 /* Debug */ = {
			isa = XCBuildConfiguration;
			buildSettings = {
				INFOPLIST_FILE = "02 transformUITests/Info.plist";
				LD_RUNPATH_SEARCH_PATHS = "$(inherited) @executable_path/Frameworks @loader_path/Frameworks";
				PRODUCT_BUNDLE_IDENTIFIER = "cumtcs.-2-transformUITests";
				PRODUCT_NAME = "$(TARGET_NAME)";
				TEST_TARGET_NAME = "02 transform";
				USES_XCTRUNNER = YES;
			};
			name = Debug;
		};
		03D8A15A1CF2949600E11105 /* Release */ = {
			isa = XCBuildConfiguration;
			buildSettings = {
				INFOPLIST_FILE = "02 transformUITests/Info.plist";
				LD_RUNPATH_SEARCH_PATHS = "$(inherited) @executable_path/Frameworks @loader_path/Frameworks";
				PRODUCT_BUNDLE_IDENTIFIER = "cumtcs.-2-transformUITests";
				PRODUCT_NAME = "$(TARGET_NAME)";
				TEST_TARGET_NAME = "02 transform";
				USES_XCTRUNNER = YES;
			};
			name = Release;
		};
/* End XCBuildConfiguration section */

/* Begin XCConfigurationList section */
		03D8A1201CF2949600E11105 /* Build configuration list for PBXProject "02 transform" */ = {
			isa = XCConfigurationList;
			buildConfigurations = (
				03D8A1501CF2949600E11105 /* Debug */,
				03D8A1511CF2949600E11105 /* Release */,
			);
			defaultConfigurationIsVisible = 0;
			defaultConfigurationName = Release;
		};
		03D8A1521CF2949600E11105 /* Build configuration list for PBXNativeTarget "02 transform" */ = {
			isa = XCConfigurationList;
			buildConfigurations = (
				03D8A1531CF2949600E11105 /* Debug */,
				03D8A1541CF2949600E11105 /* Release */,
			);
			defaultConfigurationIsVisible = 0;
		};
		03D8A1551CF2949600E11105 /* Build configuration list for PBXNativeTarget "02 transformTests" */ = {
			isa = XCConfigurationList;
			buildConfigurations = (
				03D8A1561CF2949600E11105 /* Debug */,
				03D8A1571CF2949600E11105 /* Release */,
			);
			defaultConfigurationIsVisible = 0;
		};
		03D8A1581CF2949600E11105 /* Build configuration list for PBXNativeTarget "02 transformUITests" */ = {
			isa = XCConfigurationList;
			buildConfigurations = (
				03D8A1591CF2949600E11105 /* Debug */,
				03D8A15A1CF2949600E11105 /* Release */,
			);
			defaultConfigurationIsVisible = 0;
		};
/* End XCConfigurationList section */
	};
	rootObject = 03D8A11D1CF2949600E11105 /* Project object */;
}
